
Microsoft Visual Studio Solution File, Format Version 12.00
# Visual Studio Version 16
VisualStudioVersion = 16.0.31624.102
MinimumVisualStudioVersion = 10.0.40219.1
Project("{FAE04EC0-301F-11D3-BF4B-00C04F79EFBC}") = "projectDB", "projectDB.csproj", "{C904BDB1-29A2-4BED-AB4B-488005F8A0BE}"
EndProject
Global
	GlobalSection(SolutionConfigurationPlatforms) = preSolution
		Debug|Any CPU = Debug|Any CPU
		Release|Any CPU = Release|Any CPU
	EndGlobalSection
	GlobalSection(ProjectConfigurationPlatforms) = postSolution
		{C904BDB1-29A2-4BED-AB4B-488005F8A0BE}.Debug|Any CPU.ActiveCfg = Debug|Any CPU
		{C904BDB1-29A2-4BED-AB4B-488005F8A0BE}.Debug|Any CPU.Build.0 = Debug|Any CPU
		{C904BDB1-29A2-4BED-AB4B-488005F8A0BE}.Release|Any CPU.ActiveCfg = Release|Any CPU
		{C904BDB1-29A2-4BED-AB4B-488005F8A0BE}.Release|Any CPU.Build.0 = Release|Any CPU
	EndGlobalSection
	GlobalSection(SolutionProperties) = preSolution
		HideSolutionNode = FALSE
	EndGlobalSection
	GlobalSection(ExtensibilityGlobals) = postSolution
		SolutionGuid = {5195AA37-7085-411C-943E-6351D3D0C8A5}
	EndGlobalSection
EndGlobal
